<?xml version="1.0" encoding="utf-8"?>
<Project ToolsVersion="4.0" xmlns="http://schemas.microsoft.com/developer/msbuild/2003">
  <ItemGroup>
    <Filter Include="Source Files">
      <UniqueIdentifier>{4FC737F1-C7A5-4376-A066-2A32D752A2FF}</UniqueIdentifier>
      <Extensions>cpp;cxx;c;def</Extensions>
    </Filter>
    <Filter Include="Header Files">
      <UniqueIdentifier>{93995380-89BD-4b04-88EB-625FBE52EBFB}</UniqueIdentifier>
      <Extensions>h</Extensions>
    </Filter>
    <Filter Include="Form Files">
      <UniqueIdentifier>{99349809-55BA-4b9d-BF79-8FDBB0286EB3}</UniqueIdentifier>
      <Extensions>ui</Extensions>
    </Filter>
    <Filter Include="Resource Files">
      <UniqueIdentifier>{D9D6E242-F8AF-46E4-B9FD-80ECBC20BA3E}</UniqueIdentifier>
      <Extensions>qrc;*</Extensions>
      <ParseFiles>false</ParseFiles>
    </Filter>
    <Filter Include="Generated Files">
      <UniqueIdentifier>{71ED8ED8-ACB9-4CE9-BBE1-E00B30144E11}</UniqueIdentifier>
      <Extensions>moc;h;cpp</Extensions>
      <SourceControlFiles>False</SourceControlFiles>
    </Filter>
    <Filter Include="Generated Files\Debug">
      <UniqueIdentifier>{8516b561-8b55-4831-a247-0ea265e2c6a3}</UniqueIdentifier>
      <Extensions>cpp;moc</Extensions>
      <SourceControlFiles>False</SourceControlFiles>
    </Filter>
    <Filter Include="Generated Files\Release">
      <UniqueIdentifier>{a5a82bca-2f7f-4faf-86f2-cb50cb546779}</UniqueIdentifier>
      <Extensions>cpp;moc</Extensions>
      <SourceControlFiles>False</SourceControlFiles>
    </Filter>
    <Filter Include="MVC">
      <UniqueIdentifier>{8c92d815-5d2c-4bbc-9d62-36da884ee810}</UniqueIdentifier>
    </Filter>
  </ItemGroup>
  <ItemGroup>
    <ClCompile Include="main.cpp">
      <Filter>Source Files</Filter>
    </ClCompile>
    <ClCompile Include="dadpast.cpp">
      <Filter>Source Files</Filter>
    </ClCompile>
    <ClCompile Include="GeneratedFiles\Debug\moc_dadpast.cpp">
      <Filter>Generated Files\Debug</Filter>
    </ClCompile>
    <ClCompile Include="GeneratedFiles\Release\moc_dadpast.cpp">
      <Filter>Generated Files\Release</Filter>
    </ClCompile>
    <ClCompile Include="GeneratedFiles\qrc_dadpast.cpp">
      <Filter>Generated Files</Filter>
    </ClCompile>
    <ClCompile Include="GeneratedFiles\Debug\moc_Screen.cpp">
      <Filter>Generated Files\Debug</Filter>
    </ClCompile>
    <ClCompile Include="GeneratedFiles\Release\moc_Screen.cpp">
      <Filter>Generated Files\Release</Filter>
    </ClCompile>
    <ClCompile Include="IplImageOperation.cpp">
      <Filter>Source Files</Filter>
    </ClCompile>
    <ClCompile Include="MVC\MVCoordinate.cpp">
      <Filter>MVC</Filter>
    </ClCompile>
    <ClCompile Include="MVC\Vector3f.cpp">
      <Filter>MVC</Filter>
    </ClCompile>
    <ClCompile Include="MVC\Triangle\triangle.cpp">
      <Filter>MVC</Filter>
    </ClCompile>
    <ClCompile Include="MVC\Triangle\triangulate.cpp">
      <Filter>MVC</Filter>
    </ClCompile>
    <ClCompile Include="GeneratedFiles\Debug\moc_imageblending.cpp">
      <Filter>Generated Files\Debug</Filter>
    </ClCompile>
    <ClCompile Include="GeneratedFiles\Release\moc_imageblending.cpp">
      <Filter>Generated Files\Release</Filter>
    </ClCompile>
    <ClCompile Include="imageblending.cpp">
      <Filter>Source Files</Filter>
    </ClCompile>
  </ItemGroup>
  <ItemGroup>
    <CustomBuild Include="dadpast.h">
      <Filter>Header Files</Filter>
    </CustomBuild>
    <CustomBuild Include="dadpast.ui">
      <Filter>Form Files</Filter>
    </CustomBuild>
    <CustomBuild Include="dadpast.qrc">
      <Filter>Resource Files</Filter>
    </CustomBuild>
    <CustomBuild Include="Screen.h">
      <Filter>Header Files</Filter>
    </CustomBuild>
    <CustomBuild Include="imageblending.h">
      <Filter>Header Files</Filter>
    </CustomBuild>
  </ItemGroup>
  <ItemGroup>
    <ClInclude Include="GeneratedFiles\ui_dadpast.h">
      <Filter>Generated Files</Filter>
    </ClInclude>
    <ClInclude Include="IplImageOperation.h">
      <Filter>Header Files</Filter>
    </ClInclude>
    <ClInclude Include="dadGraph.h">
      <Filter>Header Files</Filter>
    </ClInclude>
    <ClInclude Include="Node.h">
      <Filter>Header Files</Filter>
    </ClInclude>
    <ClInclude Include="MVC\MVCoordinate.h">
      <Filter>MVC</Filter>
    </ClInclude>
    <ClInclude Include="MVC\Vector3f.h">
      <Filter>MVC</Filter>
    </ClInclude>
    <ClInclude Include="MVC\Triangle\triangle.h">
      <Filter>MVC</Filter>
    </ClInclude>
    <ClInclude Include="MVC\Triangle\triangulate.h">
      <Filter>MVC</Filter>
    </ClInclude>
    <ClInclude Include="MVC\Triangle\vector2.h">
      <Filter>MVC</Filter>
    </ClInclude>
    <ClInclude Include="stdafx.h">
      <Filter>Header Files</Filter>
    </ClInclude>
    <ClInclude Include="myVector.h">
      <Filter>Header Files</Filter>
    </ClInclude>
    <ClInclude Include="myVector_implenentation.h">
      <Filter>Header Files</Filter>
    </ClInclude>
  </ItemGroup>
</Project>